// !$*UTF8*$!
{
	archiveVersion = 1;
	classes = {
	};
	objectVersion = 46;
	objects = {

/* Begin PBXBuildFile section */
		0FDE2A4915A8C27000FB78A7 /* UIKit.framework in Frameworks */ = {isa = PBXBuildFile; fileRef = 0FDE2A4815A8C27000FB78A7 /* UIKit.framework */; };
		0FDE2A4B15A8C27000FB78A7 /* Foundation.framework in Frameworks */ = {isa = PBXBuildFile; fileRef = 0FDE2A4A15A8C27000FB78A7 /* Foundation.framework */; };
		0FDE2A4D15A8C27000FB78A7 /* CoreGraphics.framework in Frameworks */ = {isa = PBXBuildFile; fileRef = 0FDE2A4C15A8C27000FB78A7 /* CoreGraphics.framework */; };
		0FDE2A5315A8C27000FB78A7 /* InfoPlist.strings in Resources */ = {isa = PBXBuildFile; fileRef = 0FDE2A5115A8C27000FB78A7 /* InfoPlist.strings */; };
		0FDE2A5515A8C27000FB78A7 /* main.m in Sources */ = {isa = PBXBuildFile; fileRef = 0FDE2A5415A8C27000FB78A7 /* main.m */; };
		0FDE2A5915A8C27000FB78A7 /* LQAppDelegate.m in Sources */ = {isa = PBXBuildFile; fileRef = 0FDE2A5815A8C27000FB78A7 /* LQAppDelegate.m */; };
		0FDE2A5C15A8C27000FB78A7 /* LQFirstViewController.m in Sources */ = {isa = PBXBuildFile; fileRef = 0FDE2A5B15A8C27000FB78A7 /* LQFirstViewController.m */; };
		0FDE2A5E15A8C27000FB78A7 /* first.png in Resources */ = {isa = PBXBuildFile; fileRef = 0FDE2A5D15A8C27000FB78A7 /* first.png */; };
		0FDE2A6015A8C27000FB78A7 /* first@2x.png in Resources */ = {isa = PBXBuildFile; fileRef = 0FDE2A5F15A8C27000FB78A7 /* first@2x.png */; };
		0FDE2A6315A8C27000FB78A7 /* LQSecondViewController.m in Sources */ = {isa = PBXBuildFile; fileRef = 0FDE2A6215A8C27000FB78A7 /* LQSecondViewController.m */; };
		0FDE2A6515A8C27000FB78A7 /* second.png in Resources */ = {isa = PBXBuildFile; fileRef = 0FDE2A6415A8C27000FB78A7 /* second.png */; };
		0FDE2A6715A8C27000FB78A7 /* second@2x.png in Resources */ = {isa = PBXBuildFile; fileRef = 0FDE2A6615A8C27000FB78A7 /* second@2x.png */; };
		0FDE2A6A15A8C27000FB78A7 /* LQFirstViewController.xib in Resources */ = {isa = PBXBuildFile; fileRef = 0FDE2A6815A8C27000FB78A7 /* LQFirstViewController.xib */; };
		0FDE2A6D15A8C27000FB78A7 /* LQSecondViewController.xib in Resources */ = {isa = PBXBuildFile; fileRef = 0FDE2A6B15A8C27000FB78A7 /* LQSecondViewController.xib */; };
/* End PBXBuildFile section */

/* Begin PBXFileReference section */
		0FDE2A4415A8C27000FB78A7 /* Geonotes.app */ = {isa = PBXFileReference; explicitFileType = wrapper.application; includeInIndex = 0; path = Geonotes.app; sourceTree = BUILT_PRODUCTS_DIR; };
		0FDE2A4815A8C27000FB78A7 /* UIKit.framework */ = {isa = PBXFileReference; lastKnownFileType = wrapper.framework; name = UIKit.framework; path = System/Library/Frameworks/UIKit.framework; sourceTree = SDKROOT; };
		0FDE2A4A15A8C27000FB78A7 /* Foundation.framework */ = {isa = PBXFileReference; lastKnownFileType = wrapper.framework; name = Foundation.framework; path = System/Library/Frameworks/Foundation.framework; sourceTree = SDKROOT; };
		0FDE2A4C15A8C27000FB78A7 /* CoreGraphics.framework */ = {isa = PBXFileReference; lastKnownFileType = wrapper.framework; name = CoreGraphics.framework; path = System/Library/Frameworks/CoreGraphics.framework; sourceTree = SDKROOT; };
		0FDE2A5015A8C27000FB78A7 /* Geonotes-Info.plist */ = {isa = PBXFileReference; lastKnownFileType = text.plist.xml; path = "Geonotes-Info.plist"; sourceTree = "<group>"; };
		0FDE2A5215A8C27000FB78A7 /* en */ = {isa = PBXFileReference; lastKnownFileType = text.plist.strings; name = en; path = en.lproj/InfoPlist.strings; sourceTree = "<group>"; };
		0FDE2A5415A8C27000FB78A7 /* main.m */ = {isa = PBXFileReference; lastKnownFileType = sourcecode.c.objc; path = main.m; sourceTree = "<group>"; };
		0FDE2A5615A8C27000FB78A7 /* Geonotes-Prefix.pch */ = {isa = PBXFileReference; lastKnownFileType = sourcecode.c.h; path = "Geonotes-Prefix.pch"; sourceTree = "<group>"; };
		0FDE2A5715A8C27000FB78A7 /* LQAppDelegate.h */ = {isa = PBXFileReference; lastKnownFileType = sourcecode.c.h; path = LQAppDelegate.h; sourceTree = "<group>"; };
		0FDE2A5815A8C27000FB78A7 /* LQAppDelegate.m */ = {isa = PBXFileReference; lastKnownFileType = sourcecode.c.objc; path = LQAppDelegate.m; sourceTree = "<group>"; };
		0FDE2A5A15A8C27000FB78A7 /* LQFirstViewController.h */ = {isa = PBXFileReference; lastKnownFileType = sourcecode.c.h; path = LQFirstViewController.h; sourceTree = "<group>"; };
		0FDE2A5B15A8C27000FB78A7 /* LQFirstViewController.m */ = {isa = PBXFileReference; lastKnownFileType = sourcecode.c.objc; path = LQFirstViewController.m; sourceTree = "<group>"; };
		0FDE2A5D15A8C27000FB78A7 /* first.png */ = {isa = PBXFileReference; lastKnownFileType = image.png; path = first.png; sourceTree = "<group>"; };
		0FDE2A5F15A8C27000FB78A7 /* first@2x.png */ = {isa = PBXFileReference; lastKnownFileType = image.png; path = "first@2x.png"; sourceTree = "<group>"; };
		0FDE2A6115A8C27000FB78A7 /* LQSecondViewController.h */ = {isa = PBXFileReference; lastKnownFileType = sourcecode.c.h; path = LQSecondViewController.h; sourceTree = "<group>"; };
		0FDE2A6215A8C27000FB78A7 /* LQSecondViewController.m */ = {isa = PBXFileReference; lastKnownFileType = sourcecode.c.objc; path = LQSecondViewController.m; sourceTree = "<group>"; };
		0FDE2A6415A8C27000FB78A7 /* second.png */ = {isa = PBXFileReference; lastKnownFileType = image.png; path = second.png; sourceTree = "<group>"; };
		0FDE2A6615A8C27000FB78A7 /* second@2x.png */ = {isa = PBXFileReference; lastKnownFileType = image.png; path = "second@2x.png"; sourceTree = "<group>"; };
		0FDE2A6915A8C27000FB78A7 /* en */ = {isa = PBXFileReference; lastKnownFileType = file.xib; name = en; path = en.lproj/LQFirstViewController.xib; sourceTree = "<group>"; };
		0FDE2A6C15A8C27000FB78A7 /* en */ = {isa = PBXFileReference; lastKnownFileType = file.xib; name = en; path = en.lproj/LQSecondViewController.xib; sourceTree = "<group>"; };
/* End PBXFileReference section */

/* Begin PBXFrameworksBuildPhase section */
		0FDE2A4115A8C27000FB78A7 /* Frameworks */ = {
			isa = PBXFrameworksBuildPhase;
			buildActionMask = 2147483647;
			files = (
				0FDE2A4915A8C27000FB78A7 /* UIKit.framework in Frameworks */,
				0FDE2A4B15A8C27000FB78A7 /* Foundation.framework in Frameworks */,
				0FDE2A4D15A8C27000FB78A7 /* CoreGraphics.framework in Frameworks */,
			);
			runOnlyForDeploymentPostprocessing = 0;
		};
/* End PBXFrameworksBuildPhase section */

/* Begin PBXGroup section */
		0FDE2A3915A8C27000FB78A7 = {
			isa = PBXGroup;
			children = (
				0FDE2A4E15A8C27000FB78A7 /* Geonotes */,
				0FDE2A4715A8C27000FB78A7 /* Frameworks */,
				0FDE2A4515A8C27000FB78A7 /* Products */,
			);
			sourceTree = "<group>";
		};
		0FDE2A4515A8C27000FB78A7 /* Products */ = {
			isa = PBXGroup;
			children = (
				0FDE2A4415A8C27000FB78A7 /* Geonotes.app */,
			);
			name = Products;
			sourceTree = "<group>";
		};
		0FDE2A4715A8C27000FB78A7 /* Frameworks */ = {
			isa = PBXGroup;
			children = (
				0FDE2A4815A8C27000FB78A7 /* UIKit.framework */,
				0FDE2A4A15A8C27000FB78A7 /* Foundation.framework */,
				0FDE2A4C15A8C27000FB78A7 /* CoreGraphics.framework */,
			);
			name = Frameworks;
			sourceTree = "<group>";
		};
		0FDE2A4E15A8C27000FB78A7 /* Geonotes */ = {
			isa = PBXGroup;
			children = (
				0FDE2A5715A8C27000FB78A7 /* LQAppDelegate.h */,
				0FDE2A5815A8C27000FB78A7 /* LQAppDelegate.m */,
				0FDE2A5A15A8C27000FB78A7 /* LQFirstViewController.h */,
				0FDE2A5B15A8C27000FB78A7 /* LQFirstViewController.m */,
				0FDE2A5D15A8C27000FB78A7 /* first.png */,
				0FDE2A5F15A8C27000FB78A7 /* first@2x.png */,
				0FDE2A6115A8C27000FB78A7 /* LQSecondViewController.h */,
				0FDE2A6215A8C27000FB78A7 /* LQSecondViewController.m */,
				0FDE2A6415A8C27000FB78A7 /* second.png */,
				0FDE2A6615A8C27000FB78A7 /* second@2x.png */,
				0FDE2A6815A8C27000FB78A7 /* LQFirstViewController.xib */,
				0FDE2A6B15A8C27000FB78A7 /* LQSecondViewController.xib */,
				0FDE2A4F15A8C27000FB78A7 /* Supporting Files */,
			);
			path = Geonotes;
			sourceTree = "<group>";
		};
		0FDE2A4F15A8C27000FB78A7 /* Supporting Files */ = {
			isa = PBXGroup;
			children = (
				0FDE2A5015A8C27000FB78A7 /* Geonotes-Info.plist */,
				0FDE2A5115A8C27000FB78A7 /* InfoPlist.strings */,
				0FDE2A5415A8C27000FB78A7 /* main.m */,
				0FDE2A5615A8C27000FB78A7 /* Geonotes-Prefix.pch */,
			);
			name = "Supporting Files";
			sourceTree = "<group>";
		};
/* End PBXGroup section */

/* Begin PBXNativeTarget section */
		0FDE2A4315A8C27000FB78A7 /* Geonotes */ = {
			isa = PBXNativeTarget;
			buildConfigurationList = 0FDE2A7015A8C27000FB78A7 /* Build configuration list for PBXNativeTarget "Geonotes" */;
			buildPhases = (
				0FDE2A4015A8C27000FB78A7 /* Sources */,
				0FDE2A4115A8C27000FB78A7 /* Frameworks */,
				0FDE2A4215A8C27000FB78A7 /* Resources */,
			);
			buildRules = (
			);
			dependencies = (
			);
			name = Geonotes;
			productName = Geonotes;
			productReference = 0FDE2A4415A8C27000FB78A7 /* Geonotes.app */;
			productType = "com.apple.product-type.application";
		};
/* End PBXNativeTarget section */

/* Begin PBXProject section */
		0FDE2A3B15A8C27000FB78A7 /* Project object */ = {
			isa = PBXProject;
			attributes = {
				CLASSPREFIX = LQ;
				LastUpgradeCheck = 0430;
				ORGANIZATIONNAME = "Geoloqi, Inc.";
			};
			buildConfigurationList = 0FDE2A3E15A8C27000FB78A7 /* Build configuration list for PBXProject "Geonotes" */;
			compatibilityVersion = "Xcode 3.2";
			developmentRegion = English;
			hasScannedForEncodings = 0;
			knownRegions = (
				en,
			);
			mainGroup = 0FDE2A3915A8C27000FB78A7;
			productRefGroup = 0FDE2A4515A8C27000FB78A7 /* Products */;
			projectDirPath = "";
			projectRoot = "";
			targets = (
				0FDE2A4315A8C27000FB78A7 /* Geonotes */,
			);
		};
/* End PBXProject section */

/* Begin PBXResourcesBuildPhase section */
		0FDE2A4215A8C27000FB78A7 /* Resources */ = {
			isa = PBXResourcesBuildPhase;
			buildActionMask = 2147483647;
			files = (
				0FDE2A5315A8C27000FB78A7 /* InfoPlist.strings in Resources */,
				0FDE2A5E15A8C27000FB78A7 /* first.png in Resources */,
				0FDE2A6015A8C27000FB78A7 /* first@2x.png in Resources */,
				0FDE2A6515A8C27000FB78A7 /* second.png in Resources */,
				0FDE2A6715A8C27000FB78A7 /* second@2x.png in Resources */,
				0FDE2A6A15A8C27000FB78A7 /* LQFirstViewController.xib in Resources */,
				0FDE2A6D15A8C27000FB78A7 /* LQSecondViewController.xib in Resources */,
			);
			runOnlyForDeploymentPostprocessing = 0;
		};
/* End PBXResourcesBuildPhase section */

/* Begin PBXSourcesBuildPhase section */
		0FDE2A4015A8C27000FB78A7 /* Sources */ = {
			isa = PBXSourcesBuildPhase;
			buildActionMask = 2147483647;
			files = (
				0FDE2A5515A8C27000FB78A7 /* main.m in Sources */,
				0FDE2A5915A8C27000FB78A7 /* LQAppDelegate.m in Sources */,
				0FDE2A5C15A8C27000FB78A7 /* LQFirstViewController.m in Sources */,
				0FDE2A6315A8C27000FB78A7 /* LQSecondViewController.m in Sources */,
			);
			runOnlyForDeploymentPostprocessing = 0;
		};
/* End PBXSourcesBuildPhase section */

/* Begin PBXVariantGroup section */
		0FDE2A5115A8C27000FB78A7 /* InfoPlist.strings */ = {
			isa = PBXVariantGroup;
			children = (
				0FDE2A5215A8C27000FB78A7 /* en */,
			);
			name = InfoPlist.strings;
			sourceTree = "<group>";
		};
		0FDE2A6815A8C27000FB78A7 /* LQFirstViewController.xib */ = {
			isa = PBXVariantGroup;
			children = (
				0FDE2A6915A8C27000FB78A7 /* en */,
			);
			name = LQFirstViewController.xib;
			sourceTree = "<group>";
		};
		0FDE2A6B15A8C27000FB78A7 /* LQSecondViewController.xib */ = {
			isa = PBXVariantGroup;
			children = (
				0FDE2A6C15A8C27000FB78A7 /* en */,
			);
			name = LQSecondViewController.xib;
			sourceTree = "<group>";
		};
/* End PBXVariantGroup section */

/* Begin XCBuildConfiguration section */
		0FDE2A6E15A8C27000FB78A7 /* Debug */ = {
			isa = XCBuildConfiguration;
			buildSettings = {
				ALWAYS_SEARCH_USER_PATHS = NO;
				ARCHS = "$(ARCHS_STANDARD_32_BIT)";
				CLANG_ENABLE_OBJC_ARC = YES;
				"CODE_SIGN_IDENTITY[sdk=iphoneos*]" = "iPhone Developer";
				COPY_PHASE_STRIP = NO;
				GCC_C_LANGUAGE_STANDARD = gnu99;
				GCC_DYNAMIC_NO_PIC = NO;
				GCC_OPTIMIZATION_LEVEL = 0;
				GCC_PREPROCESSOR_DEFINITIONS = (
					"DEBUG=1",
					"$(inherited)",
				);
				GCC_SYMBOLS_PRIVATE_EXTERN = NO;
				GCC_VERSION = com.apple.compilers.llvm.clang.1_0;
				GCC_WARN_ABOUT_RETURN_TYPE = YES;
				GCC_WARN_UNINITIALIZED_AUTOS = YES;
				GCC_WARN_UNUSED_VARIABLE = YES;
				IPHONEOS_DEPLOYMENT_TARGET = 5.1;
				SDKROOT = iphoneos;
			};
			name = Debug;
		};
		0FDE2A6F15A8C27000FB78A7 /* Release */ = {
			isa = XCBuildConfiguration;
			buildSettings = {
				ALWAYS_SEARCH_USER_PATHS = NO;
				ARCHS = "$(ARCHS_STANDARD_32_BIT)";
				CLANG_ENABLE_OBJC_ARC = YES;
				"CODE_SIGN_IDENTITY[sdk=iphoneos*]" = "iPhone Developer";
				COPY_PHASE_STRIP = YES;
				GCC_C_LANGUAGE_STANDARD = gnu99;
				GCC_VERSION = com.apple.compilers.llvm.clang.1_0;
				GCC_WARN_ABOUT_RETURN_TYPE = YES;
				GCC_WARN_UNINITIALIZED_AUTOS = YES;
				GCC_WARN_UNUSED_VARIABLE = YES;
				IPHONEOS_DEPLOYMENT_TARGET = 5.1;
				OTHER_CFLAGS = "-DNS_BLOCK_ASSERTIONS=1";
				SDKROOT = iphoneos;
				VALIDATE_PRODUCT = YES;
			};
			name = Release;
		};
		0FDE2A7115A8C27000FB78A7 /* Debug */ = {
			isa = XCBuildConfiguration;
			buildSettings = {
				GCC_PRECOMPILE_PREFIX_HEADER = YES;
				GCC_PREFIX_HEADER = "Geonotes/Geonotes-Prefix.pch";
				INFOPLIST_FILE = "Geonotes/Geonotes-Info.plist";
				PRODUCT_NAME = "$(TARGET_NAME)";
				WRAPPER_EXTENSION = app;
			};
			name = Debug;
		};
		0FDE2A7215A8C27000FB78A7 /* Release */ = {
			isa = XCBuildConfiguration;
			buildSettings = {
				GCC_PRECOMPILE_PREFIX_HEADER = YES;
				GCC_PREFIX_HEADER = "Geonotes/Geonotes-Prefix.pch";
				INFOPLIST_FILE = "Geonotes/Geonotes-Info.plist";
				PRODUCT_NAME = "$(TARGET_NAME)";
				WRAPPER_EXTENSION = app;
			};
			name = Release;
		};
/* End XCBuildConfiguration section */

/* Begin XCConfigurationList section */
		0FDE2A3E15A8C27000FB78A7 /* Build configuration list for PBXProject "Geonotes" */ = {
			isa = XCConfigurationList;
			buildConfigurations = (
				0FDE2A6E15A8C27000FB78A7 /* Debug */,
				0FDE2A6F15A8C27000FB78A7 /* Release */,
			);
			defaultConfigurationIsVisible = 0;
			defaultConfigurationName = Release;
		};
		0FDE2A7015A8C27000FB78A7 /* Build configuration list for PBXNativeTarget "Geonotes" */ = {
			isa = XCConfigurationList;
			buildConfigurations = (
				0FDE2A7115A8C27000FB78A7 /* Debug */,
				0FDE2A7215A8C27000FB78A7 /* Release */,
			);
			defaultConfigurationIsVisible = 0;
		};
/* End XCConfigurationList section */
	};
	rootObject = 0FDE2A3B15A8C27000FB78A7 /* Project object */;
}
