// !$*UTF8*$!
{
	archiveVersion = 1;
	classes = {
	};
	objectVersion = 46;
	objects = {

/* Begin PBXBuildFile section */
		0FDE2A4915A8C27000FB78A7 /* UIKit.framework in Frameworks */ = {isa = PBXBuildFile; fileRef = 0FDE2A4815A8C27000FB78A7 /* UIKit.framework */; };
		0FDE2A4B15A8C27000FB78A7 /* Foundation.framework in Frameworks */ = {isa = PBXBuildFile; fileRef = 0FDE2A4A15A8C27000FB78A7 /* Foundation.framework */; };
		0FDE2A4D15A8C27000FB78A7 /* CoreGraphics.framework in Frameworks */ = {isa = PBXBuildFile; fileRef = 0FDE2A4C15A8C27000FB78A7 /* CoreGraphics.framework */; };
		0FDE2A5315A8C27000FB78A7 /* InfoPlist.strings in Resources */ = {isa = PBXBuildFile; fileRef = 0FDE2A5115A8C27000FB78A7 /* InfoPlist.strings */; };
		0FDE2A5515A8C27000FB78A7 /* main.m in Sources */ = {isa = PBXBuildFile; fileRef = 0FDE2A5415A8C27000FB78A7 /* main.m */; };
		0FDE2A5915A8C27000FB78A7 /* LQAppDelegate.m in Sources */ = {isa = PBXBuildFile; fileRef = 0FDE2A5815A8C27000FB78A7 /* LQAppDelegate.m */; };
		0FDE2A5C15A8C27000FB78A7 /* LQActivityViewController.m in Sources */ = {isa = PBXBuildFile; fileRef = 0FDE2A5B15A8C27000FB78A7 /* LQActivityViewController.m */; };
		0FDE2A6315A8C27000FB78A7 /* LQGeonotesViewController.m in Sources */ = {isa = PBXBuildFile; fileRef = 0FDE2A6215A8C27000FB78A7 /* LQGeonotesViewController.m */; };
		0FDE2A6A15A8C27000FB78A7 /* LQActivityViewController.xib in Resources */ = {isa = PBXBuildFile; fileRef = 0FDE2A6815A8C27000FB78A7 /* LQActivityViewController.xib */; };
		0FDE2A6D15A8C27000FB78A7 /* LQGeonotesViewController.xib in Resources */ = {isa = PBXBuildFile; fileRef = 0FDE2A6B15A8C27000FB78A7 /* LQGeonotesViewController.xib */; };
		0FDE2A7715A8C45000FB78A7 /* LQLayersViewController.m in Sources */ = {isa = PBXBuildFile; fileRef = 0FDE2A7515A8C45000FB78A7 /* LQLayersViewController.m */; };
		0FDE2A7815A8C45000FB78A7 /* LQLayersViewController.xib in Resources */ = {isa = PBXBuildFile; fileRef = 0FDE2A7615A8C45000FB78A7 /* LQLayersViewController.xib */; };
		0FDE2A7D15A8C49B00FB78A7 /* LQSettingsViewController.m in Sources */ = {isa = PBXBuildFile; fileRef = 0FDE2A7B15A8C49B00FB78A7 /* LQSettingsViewController.m */; };
		0FDE2A7E15A8C49B00FB78A7 /* LQSettingsViewController.xib in Resources */ = {isa = PBXBuildFile; fileRef = 0FDE2A7C15A8C49B00FB78A7 /* LQSettingsViewController.xib */; };
		0FDE2A8715A8C8EA00FB78A7 /* CoreLocation.framework in Frameworks */ = {isa = PBXBuildFile; fileRef = 0FDE2A8615A8C8EA00FB78A7 /* CoreLocation.framework */; };
		0FDE2A8915A8C8FC00FB78A7 /* libsqlite3.dylib in Frameworks */ = {isa = PBXBuildFile; fileRef = 0FDE2A8815A8C8FC00FB78A7 /* libsqlite3.dylib */; };
		0FDE2A8F15A8C92600FB78A7 /* CHANGELOG.md in Resources */ = {isa = PBXBuildFile; fileRef = 0FDE2A8B15A8C92600FB78A7 /* CHANGELOG.md */; };
		0FDE2A9015A8C92600FB78A7 /* JSONKit.m in Sources */ = {isa = PBXBuildFile; fileRef = 0FDE2A8D15A8C92600FB78A7 /* JSONKit.m */; settings = {COMPILER_FLAGS = "-fno-objc-arc"; }; };
		0FDE2A9115A8C92600FB78A7 /* README.md in Resources */ = {isa = PBXBuildFile; fileRef = 0FDE2A8E15A8C92600FB78A7 /* README.md */; };
		0FDE2A9915A8CB7F00FB78A7 /* LQTableHeaderView.m in Sources */ = {isa = PBXBuildFile; fileRef = 0FDE2A9715A8CAE200FB78A7 /* LQTableHeaderView.m */; };
		0FDE2A9A15A8CB8400FB78A7 /* LQTableFooterView.m in Sources */ = {isa = PBXBuildFile; fileRef = 0FDE2A9415A8CAE200FB78A7 /* LQTableFooterView.m */; };
		0FDE2A9B15A8CB8900FB78A7 /* STableViewController.m in Sources */ = {isa = PBXBuildFile; fileRef = 0FDE2A8115A8C58500FB78A7 /* STableViewController.m */; settings = {COMPILER_FLAGS = "-fno-objc-arc"; }; };
		0FDE2ACA15A8DB3900FB78A7 /* Default.png in Resources */ = {isa = PBXBuildFile; fileRef = 0FDE2AC815A8DB3900FB78A7 /* Default.png */; };
		0FDE2ACB15A8DB3900FB78A7 /* Default@2x.png in Resources */ = {isa = PBXBuildFile; fileRef = 0FDE2AC915A8DB3900FB78A7 /* Default@2x.png */; };
		0FDE2AD815A8DEE300FB78A7 /* activity@2x.png in Resources */ = {isa = PBXBuildFile; fileRef = 0FDE2AD415A8DEE300FB78A7 /* activity@2x.png */; };
		0FDE2AD915A8DEE300FB78A7 /* geonote@2x.png in Resources */ = {isa = PBXBuildFile; fileRef = 0FDE2AD515A8DEE300FB78A7 /* geonote@2x.png */; };
		0FDE2ADA15A8DEE300FB78A7 /* layers@2x.png in Resources */ = {isa = PBXBuildFile; fileRef = 0FDE2AD615A8DEE300FB78A7 /* layers@2x.png */; };
		0FDE2ADB15A8DEE300FB78A7 /* settings@2x.png in Resources */ = {isa = PBXBuildFile; fileRef = 0FDE2AD715A8DEE300FB78A7 /* settings@2x.png */; };
/* End PBXBuildFile section */

/* Begin PBXFileReference section */
		0FDE2A4415A8C27000FB78A7 /* Geonotes.app */ = {isa = PBXFileReference; explicitFileType = wrapper.application; includeInIndex = 0; path = Geonotes.app; sourceTree = BUILT_PRODUCTS_DIR; };
		0FDE2A4815A8C27000FB78A7 /* UIKit.framework */ = {isa = PBXFileReference; lastKnownFileType = wrapper.framework; name = UIKit.framework; path = System/Library/Frameworks/UIKit.framework; sourceTree = SDKROOT; };
		0FDE2A4A15A8C27000FB78A7 /* Foundation.framework */ = {isa = PBXFileReference; lastKnownFileType = wrapper.framework; name = Foundation.framework; path = System/Library/Frameworks/Foundation.framework; sourceTree = SDKROOT; };
		0FDE2A4C15A8C27000FB78A7 /* CoreGraphics.framework */ = {isa = PBXFileReference; lastKnownFileType = wrapper.framework; name = CoreGraphics.framework; path = System/Library/Frameworks/CoreGraphics.framework; sourceTree = SDKROOT; };
		0FDE2A5015A8C27000FB78A7 /* Geonotes-Info.plist */ = {isa = PBXFileReference; lastKnownFileType = text.plist.xml; path = "Geonotes-Info.plist"; sourceTree = "<group>"; };
		0FDE2A5215A8C27000FB78A7 /* en */ = {isa = PBXFileReference; lastKnownFileType = text.plist.strings; name = en; path = en.lproj/InfoPlist.strings; sourceTree = "<group>"; };
		0FDE2A5415A8C27000FB78A7 /* main.m */ = {isa = PBXFileReference; lastKnownFileType = sourcecode.c.objc; path = main.m; sourceTree = "<group>"; };
		0FDE2A5615A8C27000FB78A7 /* Geonotes-Prefix.pch */ = {isa = PBXFileReference; lastKnownFileType = sourcecode.c.h; path = "Geonotes-Prefix.pch"; sourceTree = "<group>"; };
		0FDE2A5715A8C27000FB78A7 /* LQAppDelegate.h */ = {isa = PBXFileReference; lastKnownFileType = sourcecode.c.h; path = LQAppDelegate.h; sourceTree = "<group>"; };
		0FDE2A5815A8C27000FB78A7 /* LQAppDelegate.m */ = {isa = PBXFileReference; lastKnownFileType = sourcecode.c.objc; path = LQAppDelegate.m; sourceTree = "<group>"; };
		0FDE2A5A15A8C27000FB78A7 /* LQActivityViewController.h */ = {isa = PBXFileReference; lastKnownFileType = sourcecode.c.h; path = LQActivityViewController.h; sourceTree = "<group>"; };
		0FDE2A5B15A8C27000FB78A7 /* LQActivityViewController.m */ = {isa = PBXFileReference; lastKnownFileType = sourcecode.c.objc; path = LQActivityViewController.m; sourceTree = "<group>"; };
		0FDE2A6115A8C27000FB78A7 /* LQGeonotesViewController.h */ = {isa = PBXFileReference; lastKnownFileType = sourcecode.c.h; path = LQGeonotesViewController.h; sourceTree = "<group>"; };
		0FDE2A6215A8C27000FB78A7 /* LQGeonotesViewController.m */ = {isa = PBXFileReference; lastKnownFileType = sourcecode.c.objc; path = LQGeonotesViewController.m; sourceTree = "<group>"; };
		0FDE2A6915A8C27000FB78A7 /* en */ = {isa = PBXFileReference; lastKnownFileType = file.xib; name = en; path = en.lproj/LQActivityViewController.xib; sourceTree = "<group>"; };
		0FDE2A6C15A8C27000FB78A7 /* en */ = {isa = PBXFileReference; lastKnownFileType = file.xib; name = en; path = en.lproj/LQGeonotesViewController.xib; sourceTree = "<group>"; };
		0FDE2A7415A8C45000FB78A7 /* LQLayersViewController.h */ = {isa = PBXFileReference; fileEncoding = 4; lastKnownFileType = sourcecode.c.h; path = LQLayersViewController.h; sourceTree = "<group>"; };
		0FDE2A7515A8C45000FB78A7 /* LQLayersViewController.m */ = {isa = PBXFileReference; fileEncoding = 4; lastKnownFileType = sourcecode.c.objc; path = LQLayersViewController.m; sourceTree = "<group>"; };
		0FDE2A7615A8C45000FB78A7 /* LQLayersViewController.xib */ = {isa = PBXFileReference; fileEncoding = 4; lastKnownFileType = file.xib; path = LQLayersViewController.xib; sourceTree = "<group>"; };
		0FDE2A7A15A8C49B00FB78A7 /* LQSettingsViewController.h */ = {isa = PBXFileReference; fileEncoding = 4; lastKnownFileType = sourcecode.c.h; path = LQSettingsViewController.h; sourceTree = "<group>"; };
		0FDE2A7B15A8C49B00FB78A7 /* LQSettingsViewController.m */ = {isa = PBXFileReference; fileEncoding = 4; lastKnownFileType = sourcecode.c.objc; path = LQSettingsViewController.m; sourceTree = "<group>"; };
		0FDE2A7C15A8C49B00FB78A7 /* LQSettingsViewController.xib */ = {isa = PBXFileReference; fileEncoding = 4; lastKnownFileType = file.xib; path = LQSettingsViewController.xib; sourceTree = "<group>"; };
		0FDE2A8015A8C58500FB78A7 /* STableViewController.h */ = {isa = PBXFileReference; lastKnownFileType = sourcecode.c.h; path = STableViewController.h; sourceTree = "<group>"; };
		0FDE2A8115A8C58500FB78A7 /* STableViewController.m */ = {isa = PBXFileReference; lastKnownFileType = sourcecode.c.objc; path = STableViewController.m; sourceTree = "<group>"; };
		0FDE2A8615A8C8EA00FB78A7 /* CoreLocation.framework */ = {isa = PBXFileReference; lastKnownFileType = wrapper.framework; name = CoreLocation.framework; path = System/Library/Frameworks/CoreLocation.framework; sourceTree = SDKROOT; };
		0FDE2A8815A8C8FC00FB78A7 /* libsqlite3.dylib */ = {isa = PBXFileReference; lastKnownFileType = "compiled.mach-o.dylib"; name = libsqlite3.dylib; path = usr/lib/libsqlite3.dylib; sourceTree = SDKROOT; };
		0FDE2A8B15A8C92600FB78A7 /* CHANGELOG.md */ = {isa = PBXFileReference; fileEncoding = 4; lastKnownFileType = text; path = CHANGELOG.md; sourceTree = "<group>"; };
		0FDE2A8C15A8C92600FB78A7 /* JSONKit.h */ = {isa = PBXFileReference; fileEncoding = 4; lastKnownFileType = sourcecode.c.h; path = JSONKit.h; sourceTree = "<group>"; };
		0FDE2A8D15A8C92600FB78A7 /* JSONKit.m */ = {isa = PBXFileReference; fileEncoding = 4; lastKnownFileType = sourcecode.c.objc; path = JSONKit.m; sourceTree = "<group>"; };
		0FDE2A8E15A8C92600FB78A7 /* README.md */ = {isa = PBXFileReference; fileEncoding = 4; lastKnownFileType = text; path = README.md; sourceTree = "<group>"; };
		0FDE2A9315A8CAE200FB78A7 /* LQTableFooterView.h */ = {isa = PBXFileReference; lastKnownFileType = sourcecode.c.h; path = LQTableFooterView.h; sourceTree = "<group>"; };
		0FDE2A9415A8CAE200FB78A7 /* LQTableFooterView.m */ = {isa = PBXFileReference; lastKnownFileType = sourcecode.c.objc; path = LQTableFooterView.m; sourceTree = "<group>"; };
		0FDE2A9515A8CAE200FB78A7 /* LQTableFooterView.xib */ = {isa = PBXFileReference; lastKnownFileType = file.xib; path = LQTableFooterView.xib; sourceTree = "<group>"; };
		0FDE2A9615A8CAE200FB78A7 /* LQTableHeaderView.h */ = {isa = PBXFileReference; lastKnownFileType = sourcecode.c.h; path = LQTableHeaderView.h; sourceTree = "<group>"; };
		0FDE2A9715A8CAE200FB78A7 /* LQTableHeaderView.m */ = {isa = PBXFileReference; lastKnownFileType = sourcecode.c.objc; path = LQTableHeaderView.m; sourceTree = "<group>"; };
		0FDE2A9815A8CAE200FB78A7 /* LQTableHeaderView.xib */ = {isa = PBXFileReference; lastKnownFileType = file.xib; path = LQTableHeaderView.xib; sourceTree = "<group>"; };
		0FDE2AA315A8CC5900FB78A7 /* LOLDatabase.h */ = {isa = PBXFileReference; fileEncoding = 4; lastKnownFileType = sourcecode.c.h; path = LOLDatabase.h; sourceTree = "<group>"; };
		0FDE2AA415A8CCF200FB78A7 /* LQConfig.h */ = {isa = PBXFileReference; lastKnownFileType = sourcecode.c.h; path = LQConfig.h; sourceTree = "<group>"; };
		0FDE2AC815A8DB3900FB78A7 /* Default.png */ = {isa = PBXFileReference; lastKnownFileType = image.png; name = Default.png; path = Graphics/Default.png; sourceTree = "<group>"; };
		0FDE2AC915A8DB3900FB78A7 /* Default@2x.png */ = {isa = PBXFileReference; lastKnownFileType = image.png; name = "Default@2x.png"; path = "Graphics/Default@2x.png"; sourceTree = "<group>"; };
		0FDE2AD415A8DEE300FB78A7 /* activity@2x.png */ = {isa = PBXFileReference; lastKnownFileType = image.png; name = "activity@2x.png"; path = "Graphics/activity@2x.png"; sourceTree = "<group>"; };
		0FDE2AD515A8DEE300FB78A7 /* geonote@2x.png */ = {isa = PBXFileReference; lastKnownFileType = image.png; name = "geonote@2x.png"; path = "Graphics/geonote@2x.png"; sourceTree = "<group>"; };
		0FDE2AD615A8DEE300FB78A7 /* layers@2x.png */ = {isa = PBXFileReference; lastKnownFileType = image.png; name = "layers@2x.png"; path = "Graphics/layers@2x.png"; sourceTree = "<group>"; };
		0FDE2AD715A8DEE300FB78A7 /* settings@2x.png */ = {isa = PBXFileReference; lastKnownFileType = image.png; name = "settings@2x.png"; path = "Graphics/settings@2x.png"; sourceTree = "<group>"; };
/* End PBXFileReference section */

/* Begin PBXFrameworksBuildPhase section */
		0FDE2A4115A8C27000FB78A7 /* Frameworks */ = {
			isa = PBXFrameworksBuildPhase;
			buildActionMask = 2147483647;
			files = (
				0FDE2A8915A8C8FC00FB78A7 /* libsqlite3.dylib in Frameworks */,
				0FDE2A8715A8C8EA00FB78A7 /* CoreLocation.framework in Frameworks */,
				0FDE2A4915A8C27000FB78A7 /* UIKit.framework in Frameworks */,
				0FDE2A4B15A8C27000FB78A7 /* Foundation.framework in Frameworks */,
				0FDE2A4D15A8C27000FB78A7 /* CoreGraphics.framework in Frameworks */,
			);
			runOnlyForDeploymentPostprocessing = 0;
		};
/* End PBXFrameworksBuildPhase section */

/* Begin PBXGroup section */
		0FDE2A3915A8C27000FB78A7 = {
			isa = PBXGroup;
			children = (
				0FDE2A4E15A8C27000FB78A7 /* Geonotes */,
				0FDE2A4715A8C27000FB78A7 /* Frameworks */,
				0FDE2A4515A8C27000FB78A7 /* Products */,
			);
			sourceTree = "<group>";
		};
		0FDE2A4515A8C27000FB78A7 /* Products */ = {
			isa = PBXGroup;
			children = (
				0FDE2A4415A8C27000FB78A7 /* Geonotes.app */,
			);
			name = Products;
			sourceTree = "<group>";
		};
		0FDE2A4715A8C27000FB78A7 /* Frameworks */ = {
			isa = PBXGroup;
			children = (
				0FDE2A4815A8C27000FB78A7 /* UIKit.framework */,
				0FDE2A4A15A8C27000FB78A7 /* Foundation.framework */,
				0FDE2A4C15A8C27000FB78A7 /* CoreGraphics.framework */,
				0FDE2A8615A8C8EA00FB78A7 /* CoreLocation.framework */,
				0FDE2A8815A8C8FC00FB78A7 /* libsqlite3.dylib */,
			);
			name = Frameworks;
			sourceTree = "<group>";
		};
		0FDE2A4E15A8C27000FB78A7 /* Geonotes */ = {
			isa = PBXGroup;
			children = (
				0FDE2AA415A8CCF200FB78A7 /* LQConfig.h */,
				0FDE2A5715A8C27000FB78A7 /* LQAppDelegate.h */,
				0FDE2A5815A8C27000FB78A7 /* LQAppDelegate.m */,
				0FDE2A7915A8C45600FB78A7 /* Tabs */,
				0FDE2A7F15A8C56800FB78A7 /* Classes */,
				0FDE2A7315A8C34400FB78A7 /* Graphics */,
				0FDE2A4F15A8C27000FB78A7 /* Supporting Files */,
			);
			path = Geonotes;
			sourceTree = "<group>";
		};
		0FDE2A4F15A8C27000FB78A7 /* Supporting Files */ = {
			isa = PBXGroup;
			children = (
				0FDE2A5015A8C27000FB78A7 /* Geonotes-Info.plist */,
				0FDE2A5115A8C27000FB78A7 /* InfoPlist.strings */,
				0FDE2A5415A8C27000FB78A7 /* main.m */,
				0FDE2A5615A8C27000FB78A7 /* Geonotes-Prefix.pch */,
			);
			name = "Supporting Files";
			sourceTree = "<group>";
		};
		0FDE2A7315A8C34400FB78A7 /* Graphics */ = {
			isa = PBXGroup;
			children = (
				0FDE2AD415A8DEE300FB78A7 /* activity@2x.png */,
				0FDE2AD515A8DEE300FB78A7 /* geonote@2x.png */,
				0FDE2AD615A8DEE300FB78A7 /* layers@2x.png */,
				0FDE2AD715A8DEE300FB78A7 /* settings@2x.png */,
				0FDE2AC815A8DB3900FB78A7 /* Default.png */,
				0FDE2AC915A8DB3900FB78A7 /* Default@2x.png */,
			);
			name = Graphics;
			sourceTree = "<group>";
		};
		0FDE2A7915A8C45600FB78A7 /* Tabs */ = {
			isa = PBXGroup;
			children = (
				0FDE2A8215A8C59000FB78A7 /* Activity */,
				0FDE2A8315A8C59400FB78A7 /* Geonotes */,
				0FDE2A8415A8C59B00FB78A7 /* Layers */,
				0FDE2A8515A8C5A100FB78A7 /* Settings */,
			);
			name = Tabs;
			sourceTree = "<group>";
		};
		0FDE2A7F15A8C56800FB78A7 /* Classes */ = {
			isa = PBXGroup;
			children = (
				0FDE2A9215A8CAD600FB78A7 /* TableViewResources */,
				0FDE2A8A15A8C92600FB78A7 /* JSONKit */,
				0FDE2AA315A8CC5900FB78A7 /* LOLDatabase.h */,
				0FDE2A8015A8C58500FB78A7 /* STableViewController.h */,
				0FDE2A8115A8C58500FB78A7 /* STableViewController.m */,
			);
			name = Classes;
			sourceTree = "<group>";
		};
		0FDE2A8215A8C59000FB78A7 /* Activity */ = {
			isa = PBXGroup;
			children = (
				0FDE2A6815A8C27000FB78A7 /* LQActivityViewController.xib */,
				0FDE2A5A15A8C27000FB78A7 /* LQActivityViewController.h */,
				0FDE2A5B15A8C27000FB78A7 /* LQActivityViewController.m */,
			);
			name = Activity;
			sourceTree = "<group>";
		};
		0FDE2A8315A8C59400FB78A7 /* Geonotes */ = {
			isa = PBXGroup;
			children = (
				0FDE2A6B15A8C27000FB78A7 /* LQGeonotesViewController.xib */,
				0FDE2A6115A8C27000FB78A7 /* LQGeonotesViewController.h */,
				0FDE2A6215A8C27000FB78A7 /* LQGeonotesViewController.m */,
			);
			name = Geonotes;
			sourceTree = "<group>";
		};
		0FDE2A8415A8C59B00FB78A7 /* Layers */ = {
			isa = PBXGroup;
			children = (
				0FDE2A7615A8C45000FB78A7 /* LQLayersViewController.xib */,
				0FDE2A7415A8C45000FB78A7 /* LQLayersViewController.h */,
				0FDE2A7515A8C45000FB78A7 /* LQLayersViewController.m */,
			);
			name = Layers;
			sourceTree = "<group>";
		};
		0FDE2A8515A8C5A100FB78A7 /* Settings */ = {
			isa = PBXGroup;
			children = (
				0FDE2A7C15A8C49B00FB78A7 /* LQSettingsViewController.xib */,
				0FDE2A7A15A8C49B00FB78A7 /* LQSettingsViewController.h */,
				0FDE2A7B15A8C49B00FB78A7 /* LQSettingsViewController.m */,
			);
			name = Settings;
			sourceTree = "<group>";
		};
		0FDE2A8A15A8C92600FB78A7 /* JSONKit */ = {
			isa = PBXGroup;
			children = (
				0FDE2A8B15A8C92600FB78A7 /* CHANGELOG.md */,
				0FDE2A8C15A8C92600FB78A7 /* JSONKit.h */,
				0FDE2A8D15A8C92600FB78A7 /* JSONKit.m */,
				0FDE2A8E15A8C92600FB78A7 /* README.md */,
			);
			path = JSONKit;
			sourceTree = "<group>";
		};
		0FDE2A9215A8CAD600FB78A7 /* TableViewResources */ = {
			isa = PBXGroup;
			children = (
				0FDE2A9615A8CAE200FB78A7 /* LQTableHeaderView.h */,
				0FDE2A9715A8CAE200FB78A7 /* LQTableHeaderView.m */,
				0FDE2A9815A8CAE200FB78A7 /* LQTableHeaderView.xib */,
				0FDE2A9315A8CAE200FB78A7 /* LQTableFooterView.h */,
				0FDE2A9415A8CAE200FB78A7 /* LQTableFooterView.m */,
				0FDE2A9515A8CAE200FB78A7 /* LQTableFooterView.xib */,
			);
			name = TableViewResources;
			sourceTree = "<group>";
		};
/* End PBXGroup section */

/* Begin PBXNativeTarget section */
		0FDE2A4315A8C27000FB78A7 /* Geonotes */ = {
			isa = PBXNativeTarget;
			buildConfigurationList = 0FDE2A7015A8C27000FB78A7 /* Build configuration list for PBXNativeTarget "Geonotes" */;
			buildPhases = (
				0FDE2A4015A8C27000FB78A7 /* Sources */,
				0FDE2A4115A8C27000FB78A7 /* Frameworks */,
				0FDE2A4215A8C27000FB78A7 /* Resources */,
			);
			buildRules = (
			);
			dependencies = (
			);
			name = Geonotes;
			productName = Geonotes;
			productReference = 0FDE2A4415A8C27000FB78A7 /* Geonotes.app */;
			productType = "com.apple.product-type.application";
		};
/* End PBXNativeTarget section */

/* Begin PBXProject section */
		0FDE2A3B15A8C27000FB78A7 /* Project object */ = {
			isa = PBXProject;
			attributes = {
				CLASSPREFIX = LQ;
				LastUpgradeCheck = 0430;
				ORGANIZATIONNAME = "Geoloqi, Inc.";
			};
			buildConfigurationList = 0FDE2A3E15A8C27000FB78A7 /* Build configuration list for PBXProject "Geonotes" */;
			compatibilityVersion = "Xcode 3.2";
			developmentRegion = English;
			hasScannedForEncodings = 0;
			knownRegions = (
				en,
			);
			mainGroup = 0FDE2A3915A8C27000FB78A7;
			productRefGroup = 0FDE2A4515A8C27000FB78A7 /* Products */;
			projectDirPath = "";
			projectRoot = "";
			targets = (
				0FDE2A4315A8C27000FB78A7 /* Geonotes */,
			);
		};
/* End PBXProject section */

/* Begin PBXResourcesBuildPhase section */
		0FDE2A4215A8C27000FB78A7 /* Resources */ = {
			isa = PBXResourcesBuildPhase;
			buildActionMask = 2147483647;
			files = (
				0FDE2A5315A8C27000FB78A7 /* InfoPlist.strings in Resources */,
				0FDE2A6A15A8C27000FB78A7 /* LQActivityViewController.xib in Resources */,
				0FDE2A6D15A8C27000FB78A7 /* LQGeonotesViewController.xib in Resources */,
				0FDE2A7815A8C45000FB78A7 /* LQLayersViewController.xib in Resources */,
				0FDE2A7E15A8C49B00FB78A7 /* LQSettingsViewController.xib in Resources */,
				0FDE2A8F15A8C92600FB78A7 /* CHANGELOG.md in Resources */,
				0FDE2A9115A8C92600FB78A7 /* README.md in Resources */,
				0FDE2ACA15A8DB3900FB78A7 /* Default.png in Resources */,
				0FDE2ACB15A8DB3900FB78A7 /* Default@2x.png in Resources */,
				0FDE2AD815A8DEE300FB78A7 /* activity@2x.png in Resources */,
				0FDE2AD915A8DEE300FB78A7 /* geonote@2x.png in Resources */,
				0FDE2ADA15A8DEE300FB78A7 /* layers@2x.png in Resources */,
				0FDE2ADB15A8DEE300FB78A7 /* settings@2x.png in Resources */,
			);
			runOnlyForDeploymentPostprocessing = 0;
		};
/* End PBXResourcesBuildPhase section */

/* Begin PBXSourcesBuildPhase section */
		0FDE2A4015A8C27000FB78A7 /* Sources */ = {
			isa = PBXSourcesBuildPhase;
			buildActionMask = 2147483647;
			files = (
				0FDE2A9B15A8CB8900FB78A7 /* STableViewController.m in Sources */,
				0FDE2A9A15A8CB8400FB78A7 /* LQTableFooterView.m in Sources */,
				0FDE2A9915A8CB7F00FB78A7 /* LQTableHeaderView.m in Sources */,
				0FDE2A5515A8C27000FB78A7 /* main.m in Sources */,
				0FDE2A5915A8C27000FB78A7 /* LQAppDelegate.m in Sources */,
				0FDE2A5C15A8C27000FB78A7 /* LQActivityViewController.m in Sources */,
				0FDE2A6315A8C27000FB78A7 /* LQGeonotesViewController.m in Sources */,
				0FDE2A7715A8C45000FB78A7 /* LQLayersViewController.m in Sources */,
				0FDE2A7D15A8C49B00FB78A7 /* LQSettingsViewController.m in Sources */,
				0FDE2A9015A8C92600FB78A7 /* JSONKit.m in Sources */,
			);
			runOnlyForDeploymentPostprocessing = 0;
		};
/* End PBXSourcesBuildPhase section */

/* Begin PBXVariantGroup section */
		0FDE2A5115A8C27000FB78A7 /* InfoPlist.strings */ = {
			isa = PBXVariantGroup;
			children = (
				0FDE2A5215A8C27000FB78A7 /* en */,
			);
			name = InfoPlist.strings;
			sourceTree = "<group>";
		};
		0FDE2A6815A8C27000FB78A7 /* LQActivityViewController.xib */ = {
			isa = PBXVariantGroup;
			children = (
				0FDE2A6915A8C27000FB78A7 /* en */,
			);
			name = LQActivityViewController.xib;
			sourceTree = "<group>";
		};
		0FDE2A6B15A8C27000FB78A7 /* LQGeonotesViewController.xib */ = {
			isa = PBXVariantGroup;
			children = (
				0FDE2A6C15A8C27000FB78A7 /* en */,
			);
			name = LQGeonotesViewController.xib;
			sourceTree = "<group>";
		};
/* End PBXVariantGroup section */

/* Begin XCBuildConfiguration section */
		0FDE2A6E15A8C27000FB78A7 /* Debug */ = {
			isa = XCBuildConfiguration;
			buildSettings = {
				ALWAYS_SEARCH_USER_PATHS = NO;
				ARCHS = "$(ARCHS_STANDARD_32_BIT)";
				CLANG_ENABLE_OBJC_ARC = YES;
				"CODE_SIGN_IDENTITY[sdk=iphoneos*]" = "iPhone Developer";
				COPY_PHASE_STRIP = NO;
				GCC_C_LANGUAGE_STANDARD = gnu99;
				GCC_DYNAMIC_NO_PIC = NO;
				GCC_OPTIMIZATION_LEVEL = 0;
				GCC_PREPROCESSOR_DEFINITIONS = (
					"DEBUG=1",
					"$(inherited)",
				);
				GCC_SYMBOLS_PRIVATE_EXTERN = NO;
				GCC_VERSION = com.apple.compilers.llvm.clang.1_0;
				GCC_WARN_ABOUT_RETURN_TYPE = YES;
				GCC_WARN_UNINITIALIZED_AUTOS = YES;
				GCC_WARN_UNUSED_VARIABLE = YES;
				HEADER_SEARCH_PATHS = "\"$(SRCROOT)/GeoloqiSDK\"";
				IPHONEOS_DEPLOYMENT_TARGET = 5.1;
				LIBRARY_SEARCH_PATHS = "\"$(SRCROOT)/GeoloqiSDK\"";
				OTHER_LDFLAGS = "-lGeoloqi-Debug";
				SDKROOT = iphoneos;
			};
			name = Debug;
		};
		0FDE2A6F15A8C27000FB78A7 /* Release */ = {
			isa = XCBuildConfiguration;
			buildSettings = {
				ALWAYS_SEARCH_USER_PATHS = NO;
				ARCHS = "$(ARCHS_STANDARD_32_BIT)";
				CLANG_ENABLE_OBJC_ARC = YES;
				"CODE_SIGN_IDENTITY[sdk=iphoneos*]" = "iPhone Developer";
				COPY_PHASE_STRIP = YES;
				GCC_C_LANGUAGE_STANDARD = gnu99;
				GCC_VERSION = com.apple.compilers.llvm.clang.1_0;
				GCC_WARN_ABOUT_RETURN_TYPE = YES;
				GCC_WARN_UNINITIALIZED_AUTOS = YES;
				GCC_WARN_UNUSED_VARIABLE = YES;
				HEADER_SEARCH_PATHS = "\"$(SRCROOT)/GeoloqiSDK\"";
				IPHONEOS_DEPLOYMENT_TARGET = 5.1;
				LIBRARY_SEARCH_PATHS = "\"$(SRCROOT)/GeoloqiSDK\"";
				OTHER_CFLAGS = "-DNS_BLOCK_ASSERTIONS=1";
				OTHER_LDFLAGS = "-lGeoloqi-Release";
				SDKROOT = iphoneos;
				VALIDATE_PRODUCT = YES;
			};
			name = Release;
		};
		0FDE2A7115A8C27000FB78A7 /* Debug */ = {
			isa = XCBuildConfiguration;
			buildSettings = {
				GCC_PRECOMPILE_PREFIX_HEADER = YES;
				GCC_PREFIX_HEADER = "Geonotes/Geonotes-Prefix.pch";
				INFOPLIST_FILE = "Geonotes/Geonotes-Info.plist";
				PRODUCT_NAME = "$(TARGET_NAME)";
				WRAPPER_EXTENSION = app;
			};
			name = Debug;
		};
		0FDE2A7215A8C27000FB78A7 /* Release */ = {
			isa = XCBuildConfiguration;
			buildSettings = {
				GCC_PRECOMPILE_PREFIX_HEADER = YES;
				GCC_PREFIX_HEADER = "Geonotes/Geonotes-Prefix.pch";
				INFOPLIST_FILE = "Geonotes/Geonotes-Info.plist";
				PRODUCT_NAME = "$(TARGET_NAME)";
				WRAPPER_EXTENSION = app;
			};
			name = Release;
		};
/* End XCBuildConfiguration section */

/* Begin XCConfigurationList section */
		0FDE2A3E15A8C27000FB78A7 /* Build configuration list for PBXProject "Geonotes" */ = {
			isa = XCConfigurationList;
			buildConfigurations = (
				0FDE2A6E15A8C27000FB78A7 /* Debug */,
				0FDE2A6F15A8C27000FB78A7 /* Release */,
			);
			defaultConfigurationIsVisible = 0;
			defaultConfigurationName = Release;
		};
		0FDE2A7015A8C27000FB78A7 /* Build configuration list for PBXNativeTarget "Geonotes" */ = {
			isa = XCConfigurationList;
			buildConfigurations = (
				0FDE2A7115A8C27000FB78A7 /* Debug */,
				0FDE2A7215A8C27000FB78A7 /* Release */,
			);
			defaultConfigurationIsVisible = 0;
		};
/* End XCConfigurationList section */
	};
	rootObject = 0FDE2A3B15A8C27000FB78A7 /* Project object */;
}
